
Microsoft Visual Studio Solution File, Format Version 12.00
# Visual Studio Version 16
VisualStudioVersion = 16.0.30804.86
MinimumVisualStudioVersion = 10.0.40219.1
Project("{FAE04EC0-301F-11D3-BF4B-00C04F79EFBC}") = "RestWithASPNET5Udemy", "RestWithASPNET5Udemy\RestWithASPNET5Udemy.csproj", "{57C3D307-1A4E-4402-87B3-5D4042FA6192}"
EndProject
Global
	GlobalSection(SolutionConfigurationPlatforms) = preSolution
		Debug|Any CPU = Debug|Any CPU
		Release|Any CPU = Release|Any CPU
	EndGlobalSection
	GlobalSection(ProjectConfigurationPlatforms) = postSolution
		{57C3D307-1A4E-4402-87B3-5D4042FA6192}.Debug|Any CPU.ActiveCfg = Debug|Any CPU
		{57C3D307-1A4E-4402-87B3-5D4042FA6192}.Debug|Any CPU.Build.0 = Debug|Any CPU
		{57C3D307-1A4E-4402-87B3-5D4042FA6192}.Release|Any CPU.ActiveCfg = Release|Any CPU
		{57C3D307-1A4E-4402-87B3-5D4042FA6192}.Release|Any CPU.Build.0 = Release|Any CPU
	EndGlobalSection
	GlobalSection(SolutionProperties) = preSolution
		HideSolutionNode = FALSE
	EndGlobalSection
	GlobalSection(ExtensibilityGlobals) = postSolution
		SolutionGuid = {CA26C1DD-D404-40AF-9DDA-C3F4059D5624}
	EndGlobalSection
EndGlobal
